
Microsoft Visual Studio Solution File, Format Version 12.00
# Visual Studio Version 17
VisualStudioVersion = 17.14.36616.10 d17.14
MinimumVisualStudioVersion = 10.0.40219.1
Project("{FAE04EC0-301F-11D3-BF4B-00C04F79EFBC}") = "FrameFocus", "FrameFocus\FrameFocus\FrameFocus.csproj", "{7E7063D6-3E1D-4A7A-8A8B-24CBAC6D8445}"
EndProject
Project("{FAE04EC0-301F-11D3-BF4B-00C04F79EFBC}") = "FrameFocus.Shared", "FrameFocus\FrameFocus.Shared\FrameFocus.Shared.csproj", "{F57F3E8B-B0E5-4A34-9577-EE59B6C4958E}"
EndProject
Project("{FAE04EC0-301F-11D3-BF4B-00C04F79EFBC}") = "FrameFocus.Web", "FrameFocus\FrameFocus.Web\FrameFocus.Web.csproj", "{A00C99D0-FC95-4D50-A7DF-4F3339FF3918}"
EndProject
Global
	GlobalSection(SolutionConfigurationPlatforms) = preSolution
		Debug|Any CPU = Debug|Any CPU
		Release|Any CPU = Release|Any CPU
	EndGlobalSection
	GlobalSection(ProjectConfigurationPlatforms) = postSolution
		{7E7063D6-3E1D-4A7A-8A8B-24CBAC6D8445}.Debug|Any CPU.ActiveCfg = Debug|Any CPU
		{7E7063D6-3E1D-4A7A-8A8B-24CBAC6D8445}.Debug|Any CPU.Build.0 = Debug|Any CPU
		{7E7063D6-3E1D-4A7A-8A8B-24CBAC6D8445}.Release|Any CPU.ActiveCfg = Release|Any CPU
		{7E7063D6-3E1D-4A7A-8A8B-24CBAC6D8445}.Release|Any CPU.Build.0 = Release|Any CPU
		{F57F3E8B-B0E5-4A34-9577-EE59B6C4958E}.Debug|Any CPU.ActiveCfg = Debug|Any CPU
		{F57F3E8B-B0E5-4A34-9577-EE59B6C4958E}.Debug|Any CPU.Build.0 = Debug|Any CPU
		{F57F3E8B-B0E5-4A34-9577-EE59B6C4958E}.Release|Any CPU.ActiveCfg = Release|Any CPU
		{F57F3E8B-B0E5-4A34-9577-EE59B6C4958E}.Release|Any CPU.Build.0 = Release|Any CPU
		{A00C99D0-FC95-4D50-A7DF-4F3339FF3918}.Debug|Any CPU.ActiveCfg = Debug|Any CPU
		{A00C99D0-FC95-4D50-A7DF-4F3339FF3918}.Debug|Any CPU.Build.0 = Debug|Any CPU
		{A00C99D0-FC95-4D50-A7DF-4F3339FF3918}.Release|Any CPU.ActiveCfg = Release|Any CPU
		{A00C99D0-FC95-4D50-A7DF-4F3339FF3918}.Release|Any CPU.Build.0 = Release|Any CPU
	EndGlobalSection
	GlobalSection(SolutionProperties) = preSolution
		HideSolutionNode = FALSE
	EndGlobalSection
	GlobalSection(ExtensibilityGlobals) = postSolution
		SolutionGuid = {7223304E-919B-4F79-8BF6-06263D172074}
	EndGlobalSection
EndGlobal
