
Microsoft Visual Studio Solution File, Format Version 12.00
# Visual Studio Version 17
VisualStudioVersion = 17.14.36616.10
MinimumVisualStudioVersion = 10.0.40219.1
Project("{FAE04EC0-301F-11D3-BF4B-00C04F79EFBC}") = "FrameFocus", "FrameFocus\FrameFocus\FrameFocus.csproj", "{7E7063D6-3E1D-4A7A-8A8B-24CBAC6D8445}"
EndProject
Project("{FAE04EC0-301F-11D3-BF4B-00C04F79EFBC}") = "FrameFocus.Shared", "FrameFocus\FrameFocus.Shared\FrameFocus.Shared.csproj", "{F57F3E8B-B0E5-4A34-9577-EE59B6C4958E}"
EndProject
Project("{FAE04EC0-301F-11D3-BF4B-00C04F79EFBC}") = "FrameFocus.Web", "FrameFocus\FrameFocus.Web\FrameFocus.Web.csproj", "{A00C99D0-FC95-4D50-A7DF-4F3339FF3918}"
EndProject
Project("{FAE04EC0-301F-11D3-BF4B-00C04F79EFBC}") = "ErrorLogging", "ErrorLogging\ErrorLogging.csproj", "{040BF7E2-1014-4B45-8A1A-5BA559AA44EE}"
EndProject
Project("{2150E333-8FDC-42A3-9474-1A3956D46DE8}") = "PresentationLayer", "PresentationLayer", "{02EA681E-C7D8-13C7-8484-4AC65E1B71E8}"
EndProject
Project("{2150E333-8FDC-42A3-9474-1A3956D46DE8}") = "DataLayer", "DataLayer", "{859F1526-04F2-4369-BEC3-BB27B399EE07}"
EndProject
Project("{FAE04EC0-301F-11D3-BF4B-00C04F79EFBC}") = "FrameFocus.PageManagers", "FrameFocus.PageManagers\FrameFocus.PageManagers.csproj", "{152B1BC4-82B8-474C-9E06-090082FB55F6}"
EndProject
Project("{2150E333-8FDC-42A3-9474-1A3956D46DE8}") = "ApplicationLayer", "ApplicationLayer", "{CE5961D4-D4B5-4DDE-8962-99C997158DA8}"
EndProject
Project("{FAE04EC0-301F-11D3-BF4B-00C04F79EFBC}") = "DataManager", "DataManager\DataManager.csproj", "{E772DA88-E2C9-4267-80C3-4D544EB6F1C5}"
EndProject
Project("{FAE04EC0-301F-11D3-BF4B-00C04F79EFBC}") = "BowlingGameManager", "BowlingGameManager\BowlingGameManager.csproj", "{71312AD4-2139-431F-B6A0-35F9FA2ADF4B}"
EndProject
Project("{FAE04EC0-301F-11D3-BF4B-00C04F79EFBC}") = "FrameFocus.API", "FrameFocus.API\FrameFocus.API.csproj", "{75433F20-B5FF-41A6-8AE5-1F0A066D6A6A}"
EndProject
Global
	GlobalSection(SolutionConfigurationPlatforms) = preSolution
		Debug|Any CPU = Debug|Any CPU
		Release|Any CPU = Release|Any CPU
	EndGlobalSection
	GlobalSection(ProjectConfigurationPlatforms) = postSolution
		{7E7063D6-3E1D-4A7A-8A8B-24CBAC6D8445}.Debug|Any CPU.ActiveCfg = Debug|Any CPU
		{7E7063D6-3E1D-4A7A-8A8B-24CBAC6D8445}.Debug|Any CPU.Build.0 = Debug|Any CPU
		{7E7063D6-3E1D-4A7A-8A8B-24CBAC6D8445}.Debug|Any CPU.Deploy.0 = Debug|Any CPU
		{7E7063D6-3E1D-4A7A-8A8B-24CBAC6D8445}.Release|Any CPU.ActiveCfg = Release|Any CPU
		{7E7063D6-3E1D-4A7A-8A8B-24CBAC6D8445}.Release|Any CPU.Build.0 = Release|Any CPU
		{F57F3E8B-B0E5-4A34-9577-EE59B6C4958E}.Debug|Any CPU.ActiveCfg = Debug|Any CPU
		{F57F3E8B-B0E5-4A34-9577-EE59B6C4958E}.Debug|Any CPU.Build.0 = Debug|Any CPU
		{F57F3E8B-B0E5-4A34-9577-EE59B6C4958E}.Release|Any CPU.ActiveCfg = Release|Any CPU
		{F57F3E8B-B0E5-4A34-9577-EE59B6C4958E}.Release|Any CPU.Build.0 = Release|Any CPU
		{A00C99D0-FC95-4D50-A7DF-4F3339FF3918}.Debug|Any CPU.ActiveCfg = Debug|Any CPU
		{A00C99D0-FC95-4D50-A7DF-4F3339FF3918}.Debug|Any CPU.Build.0 = Debug|Any CPU
		{A00C99D0-FC95-4D50-A7DF-4F3339FF3918}.Release|Any CPU.ActiveCfg = Release|Any CPU
		{A00C99D0-FC95-4D50-A7DF-4F3339FF3918}.Release|Any CPU.Build.0 = Release|Any CPU
		{040BF7E2-1014-4B45-8A1A-5BA559AA44EE}.Debug|Any CPU.ActiveCfg = Debug|Any CPU
		{040BF7E2-1014-4B45-8A1A-5BA559AA44EE}.Debug|Any CPU.Build.0 = Debug|Any CPU
		{040BF7E2-1014-4B45-8A1A-5BA559AA44EE}.Release|Any CPU.ActiveCfg = Release|Any CPU
		{040BF7E2-1014-4B45-8A1A-5BA559AA44EE}.Release|Any CPU.Build.0 = Release|Any CPU
		{152B1BC4-82B8-474C-9E06-090082FB55F6}.Debug|Any CPU.ActiveCfg = Debug|Any CPU
		{152B1BC4-82B8-474C-9E06-090082FB55F6}.Debug|Any CPU.Build.0 = Debug|Any CPU
		{152B1BC4-82B8-474C-9E06-090082FB55F6}.Release|Any CPU.ActiveCfg = Release|Any CPU
		{152B1BC4-82B8-474C-9E06-090082FB55F6}.Release|Any CPU.Build.0 = Release|Any CPU
		{E772DA88-E2C9-4267-80C3-4D544EB6F1C5}.Debug|Any CPU.ActiveCfg = Debug|Any CPU
		{E772DA88-E2C9-4267-80C3-4D544EB6F1C5}.Debug|Any CPU.Build.0 = Debug|Any CPU
		{E772DA88-E2C9-4267-80C3-4D544EB6F1C5}.Release|Any CPU.ActiveCfg = Release|Any CPU
		{E772DA88-E2C9-4267-80C3-4D544EB6F1C5}.Release|Any CPU.Build.0 = Release|Any CPU
		{71312AD4-2139-431F-B6A0-35F9FA2ADF4B}.Debug|Any CPU.ActiveCfg = Debug|Any CPU
		{71312AD4-2139-431F-B6A0-35F9FA2ADF4B}.Debug|Any CPU.Build.0 = Debug|Any CPU
		{71312AD4-2139-431F-B6A0-35F9FA2ADF4B}.Release|Any CPU.ActiveCfg = Release|Any CPU
		{71312AD4-2139-431F-B6A0-35F9FA2ADF4B}.Release|Any CPU.Build.0 = Release|Any CPU
		{75433F20-B5FF-41A6-8AE5-1F0A066D6A6A}.Debug|Any CPU.ActiveCfg = Debug|Any CPU
		{75433F20-B5FF-41A6-8AE5-1F0A066D6A6A}.Debug|Any CPU.Build.0 = Debug|Any CPU
		{75433F20-B5FF-41A6-8AE5-1F0A066D6A6A}.Release|Any CPU.ActiveCfg = Release|Any CPU
		{75433F20-B5FF-41A6-8AE5-1F0A066D6A6A}.Release|Any CPU.Build.0 = Release|Any CPU
	EndGlobalSection
	GlobalSection(SolutionProperties) = preSolution
		HideSolutionNode = FALSE
	EndGlobalSection
	GlobalSection(NestedProjects) = preSolution
		{7E7063D6-3E1D-4A7A-8A8B-24CBAC6D8445} = {02EA681E-C7D8-13C7-8484-4AC65E1B71E8}
		{F57F3E8B-B0E5-4A34-9577-EE59B6C4958E} = {02EA681E-C7D8-13C7-8484-4AC65E1B71E8}
		{A00C99D0-FC95-4D50-A7DF-4F3339FF3918} = {02EA681E-C7D8-13C7-8484-4AC65E1B71E8}
		{040BF7E2-1014-4B45-8A1A-5BA559AA44EE} = {859F1526-04F2-4369-BEC3-BB27B399EE07}
		{152B1BC4-82B8-474C-9E06-090082FB55F6} = {CE5961D4-D4B5-4DDE-8962-99C997158DA8}
		{E772DA88-E2C9-4267-80C3-4D544EB6F1C5} = {859F1526-04F2-4369-BEC3-BB27B399EE07}
		{71312AD4-2139-431F-B6A0-35F9FA2ADF4B} = {859F1526-04F2-4369-BEC3-BB27B399EE07}
		{75433F20-B5FF-41A6-8AE5-1F0A066D6A6A} = {859F1526-04F2-4369-BEC3-BB27B399EE07}
	EndGlobalSection
	GlobalSection(ExtensibilityGlobals) = postSolution
		SolutionGuid = {7223304E-919B-4F79-8BF6-06263D172074}
	EndGlobalSection
EndGlobal
